
Microsoft Visual Studio Solution File, Format Version 12.00
# Visual Studio Version 16
VisualStudioVersion = 16.0.30114.105
MinimumVisualStudioVersion = 10.0.40219.1
Project("{FAE04EC0-301F-11D3-BF4B-00C04F79EFBC}") = "DotnetDaily", "DotnetDaily.ConsoleApp\DotnetDaily.csproj", "{F31702E1-61AE-455F-9B9E-84B004687668}"
EndProject
Global
	GlobalSection(SolutionConfigurationPlatforms) = preSolution
		Debug|Any CPU = Debug|Any CPU
		Release|Any CPU = Release|Any CPU
	EndGlobalSection
	GlobalSection(SolutionProperties) = preSolution
		HideSolutionNode = FALSE
	EndGlobalSection
	GlobalSection(ProjectConfigurationPlatforms) = postSolution
		{F31702E1-61AE-455F-9B9E-84B004687668}.Debug|Any CPU.ActiveCfg = Debug|Any CPU
		{F31702E1-61AE-455F-9B9E-84B004687668}.Debug|Any CPU.Build.0 = Debug|Any CPU
		{F31702E1-61AE-455F-9B9E-84B004687668}.Release|Any CPU.ActiveCfg = Release|Any CPU
		{F31702E1-61AE-455F-9B9E-84B004687668}.Release|Any CPU.Build.0 = Release|Any CPU
	EndGlobalSection
EndGlobal
